
Microsoft Visual Studio Solution File, Format Version 12.00
# Visual Studio Version 16
VisualStudioVersion = 16.0.34902.97
MinimumVisualStudioVersion = 10.0.40219.1
Project("{FAE04EC0-301F-11D3-BF4B-00C04F79EFBC}") = "SmartSpenders", "SmartSpenders\SmartSpenders.csproj", "{4AAE07E6-5085-4BF5-BAEC-2CE9175E7610}"
EndProject
Global
	GlobalSection(SolutionConfigurationPlatforms) = preSolution
		Debug|Any CPU = Debug|Any CPU
		Release|Any CPU = Release|Any CPU
	EndGlobalSection
	GlobalSection(ProjectConfigurationPlatforms) = postSolution
		{4AAE07E6-5085-4BF5-BAEC-2CE9175E7610}.Debug|Any CPU.ActiveCfg = Debug|Any CPU
		{4AAE07E6-5085-4BF5-BAEC-2CE9175E7610}.Debug|Any CPU.Build.0 = Debug|Any CPU
		{4AAE07E6-5085-4BF5-BAEC-2CE9175E7610}.Release|Any CPU.ActiveCfg = Release|Any CPU
		{4AAE07E6-5085-4BF5-BAEC-2CE9175E7610}.Release|Any CPU.Build.0 = Release|Any CPU
	EndGlobalSection
	GlobalSection(SolutionProperties) = preSolution
		HideSolutionNode = FALSE
	EndGlobalSection
	GlobalSection(ExtensibilityGlobals) = postSolution
		SolutionGuid = {D25F810A-18EA-4788-AE23-17A33F8C800D}
	EndGlobalSection
EndGlobal
